{
  "name": "babel-8-via-importmap",
  "version": "1.0.0",
  "lockfileVersion": 2,
  "requires": true,
  "packages": {
    "": {
      "name": "babel-8-via-importmap",
      "version": "1.0.0",
      "license": "MIT",
      "dependencies": {
        "@babel/core": "^8.0.0-alpha.2"
      }
    },
    "node_modules/@ampproject/remapping": {
      "version": "2.2.1",
      "resolved": "https://registry.npmjs.org/@ampproject/remapping/-/remapping-2.2.1.tgz",
      "integrity": "sha512-lFMjJTrFL3j7L9yBxwYfCq2k6qqwHyzuUl/XBnif78PWTJYyL/dfowQHWE3sp6U6ZzqWiiIZnpTMO96zhkjwtg==",
      "dependencies": {
        "@jridgewell/gen-mapping": "^0.3.0",
        "@jridgewell/trace-mapping": "^0.3.9"
      },
      "engines": {
        "node": ">=6.0.0"
      }
    },
    "node_modules/@babel/code-frame": {
      "version": "8.0.0-alpha.2",
      "resolved": "https://registry.npmjs.org/@babel/code-frame/-/code-frame-8.0.0-alpha.2.tgz",
      "integrity": "sha512-uM1On1MxYaZDFVq1gPbGJx1Rf0N+lwlPOCBHZPS8RNVfP9CAG05xzViguK45e16n4Wo6V3WfaTkdmbuNusBnJQ==",
      "dependencies": {
        "@babel/highlight": "^8.0.0-alpha.2",
        "chalk": "^4.1.2"
      },
      "engines": {
        "node": "^16.20.0 || ^18.16.0 || >=20.0.0"
      }
    },
    "node_modules/@babel/compat-data": {
      "version": "8.0.0-alpha.2",
      "resolved": "https://registry.npmjs.org/@babel/compat-data/-/compat-data-8.0.0-alpha.2.tgz",
      "integrity": "sha512-qARMxcl9yx9wDTOFCrY9lKJFD9hfxlfPy+/0l+FnPEVv8Gfb9HHQ2Di5ELGmhg+l3wfcOgFjENOTQA9RI/UCWw==",
      "engines": {
        "node": "^16.20.0 || ^18.16.0 || >=20.0.0"
      }
    },
    "node_modules/@babel/core": {
      "version": "8.0.0-alpha.2",
      "resolved": "https://registry.npmjs.org/@babel/core/-/core-8.0.0-alpha.2.tgz",
      "integrity": "sha512-utDRlnt/I8QpDb4/5lDe/45yftM7/Cs4OmvV0ipV17DCgzHHxTyRneWW1iABYjWgwRN7f85yOIogo3K3xdVepg==",
      "dependencies": {
        "@ampproject/remapping": "^2.2.0",
        "@babel/code-frame": "^8.0.0-alpha.2",
        "@babel/generator": "^8.0.0-alpha.2",
        "@babel/helper-compilation-targets": "^8.0.0-alpha.2",
        "@babel/helper-module-transforms": "^8.0.0-alpha.2",
        "@babel/helpers": "^8.0.0-alpha.2",
        "@babel/parser": "^8.0.0-alpha.2",
        "@babel/template": "^8.0.0-alpha.2",
        "@babel/traverse": "^8.0.0-alpha.2",
        "@babel/types": "^8.0.0-alpha.2",
        "convert-source-map": "^1.7.0",
        "debug": "^4.1.0",
        "gensync": "^1.0.0-beta.2",
        "json5": "^2.2.2",
        "semver": "^7.3.4"
      },
      "engines": {
        "node": "^16.20.0 || ^18.16.0 || >=20.0.0"
      },
      "funding": {
        "type": "opencollective",
        "url": "https://opencollective.com/babel"
      },
      "peerDependencies": {
        "@babel/preset-typescript": "^7.21.4 || ^8.0.0-0"
      },
      "peerDependenciesMeta": {
        "@babel/preset-typescript": {
          "optional": true
        }
      }
    },
    "node_modules/@babel/generator": {
      "version": "8.0.0-alpha.2",
      "resolved": "https://registry.npmjs.org/@babel/generator/-/generator-8.0.0-alpha.2.tgz",
      "integrity": "sha512-e54eb7+TYFYAC5+hAIBLeiYdRl/bASjqdmz8KQDzNKeKSC6tYloEAlODw/k++xgNTCCJzneNiP/s8PxphZYiTg==",
      "dependencies": {
        "@babel/types": "^8.0.0-alpha.2",
        "@jridgewell/gen-mapping": "^0.3.2",
        "@jridgewell/trace-mapping": "^0.3.17",
        "jsesc": "^3.0.2"
      },
      "engines": {
        "node": "^16.20.0 || ^18.16.0 || >=20.0.0"
      }
    },
    "node_modules/@babel/helper-compilation-targets": {
      "version": "8.0.0-alpha.2",
      "resolved": "https://registry.npmjs.org/@babel/helper-compilation-targets/-/helper-compilation-targets-8.0.0-alpha.2.tgz",
      "integrity": "sha512-sF04m1xc2ICLUEdZBbW/ec4+lh673bp4gVBE442EpLlTSo1if2q8lAvY/0/u3DiyCZGFuSd0aQSIC3g46UqQ2Q==",
      "dependencies": {
        "@babel/compat-data": "^8.0.0-alpha.2",
        "@babel/helper-validator-option": "^8.0.0-alpha.2",
        "browserslist": "^4.21.9",
        "lru-cache": "^7.14.1",
        "semver": "^7.3.4"
      },
      "engines": {
        "node": "^16.20.0 || ^18.16.0 || >=20.0.0"
      }
    },
    "node_modules/@babel/helper-environment-visitor": {
      "version": "8.0.0-alpha.2",
      "resolved": "https://registry.npmjs.org/@babel/helper-environment-visitor/-/helper-environment-visitor-8.0.0-alpha.2.tgz",
      "integrity": "sha512-lpkwsTzBntOXufqZ2A8wxdsZhaKVa9yCont4cGmiAYQ/vqUJN/1o98BE90hEYSUZWIMJqI0kP3Pfv2tZeqPXfQ==",
      "engines": {
        "node": "^16.20.0 || ^18.16.0 || >=20.0.0"
      }
    },
    "node_modules/@babel/helper-function-name": {
      "version": "8.0.0-alpha.2",
      "resolved": "https://registry.npmjs.org/@babel/helper-function-name/-/helper-function-name-8.0.0-alpha.2.tgz",
      "integrity": "sha512-HApEmLe0tyPBp6yO5mNUvqhu9DocxMWMkCaU0+Z+B4sdBgYfbZnVJOQG3OnAsfOjcom96612wrpOqkihfw5Iyw==",
      "dependencies": {
        "@babel/template": "^8.0.0-alpha.2",
        "@babel/types": "^8.0.0-alpha.2"
      },
      "engines": {
        "node": "^16.20.0 || ^18.16.0 || >=20.0.0"
      }
    },
    "node_modules/@babel/helper-hoist-variables": {
      "version": "8.0.0-alpha.2",
      "resolved": "https://registry.npmjs.org/@babel/helper-hoist-variables/-/helper-hoist-variables-8.0.0-alpha.2.tgz",
      "integrity": "sha512-G/ppqv/YRjh+oEhLYDbavX7DQNSh5E/p6raHQGAhzUUfwol2e3Z+3gPn9+4p4pM2gRSieSfMcol83mfDFm2yBQ==",
      "dependencies": {
        "@babel/types": "^8.0.0-alpha.2"
      },
      "engines": {
        "node": "^16.20.0 || ^18.16.0 || >=20.0.0"
      }
    },
    "node_modules/@babel/helper-module-imports": {
      "version": "8.0.0-alpha.2",
      "resolved": "https://registry.npmjs.org/@babel/helper-module-imports/-/helper-module-imports-8.0.0-alpha.2.tgz",
      "integrity": "sha512-bgG9fjRQN8csx98b2KF4mSntJ9+phGAgBZExxfWFkYdg8zujhR08Dsb4jUwAqCcPPA8PKLLrchIbUBUGIvkoMw==",
      "dependencies": {
        "@babel/types": "^8.0.0-alpha.2"
      },
      "engines": {
        "node": "^16.20.0 || ^18.16.0 || >=20.0.0"
      }
    },
    "node_modules/@babel/helper-module-transforms": {
      "version": "8.0.0-alpha.2",
      "resolved": "https://registry.npmjs.org/@babel/helper-module-transforms/-/helper-module-transforms-8.0.0-alpha.2.tgz",
      "integrity": "sha512-SBNejgjTuNR/GiheGg7IB2uwGCJkkRXAEGh/6FD4VpjSIiD9rMiurQ0SKgSTYTzdNhD585m2KUMBwjbgS1k0/w==",
      "dependencies": {
        "@babel/helper-environment-visitor": "^8.0.0-alpha.2",
        "@babel/helper-module-imports": "^8.0.0-alpha.2",
        "@babel/helper-simple-access": "^8.0.0-alpha.2",
        "@babel/helper-split-export-declaration": "^8.0.0-alpha.2",
        "@babel/helper-validator-identifier": "^8.0.0-alpha.2"
      },
      "engines": {
        "node": "^16.20.0 || ^18.16.0 || >=20.0.0"
      },
      "peerDependencies": {
        "@babel/core": "^8.0.0-alpha.2"
      }
    },
    "node_modules/@babel/helper-simple-access": {
      "version": "8.0.0-alpha.2",
      "resolved": "https://registry.npmjs.org/@babel/helper-simple-access/-/helper-simple-access-8.0.0-alpha.2.tgz",
      "integrity": "sha512-WfoT9/OUecDs77Jkt19Z+NzlB2rtk4HNJZyDrtgelgyi8Z9t01AkGHnm3nTV4/GD2ND3Cl/iD7/fQmnTsWRmiQ==",
      "dependencies": {
        "@babel/types": "^8.0.0-alpha.2"
      },
      "engines": {
        "node": "^16.20.0 || ^18.16.0 || >=20.0.0"
      }
    },
    "node_modules/@babel/helper-split-export-declaration": {
      "version": "8.0.0-alpha.2",
      "resolved": "https://registry.npmjs.org/@babel/helper-split-export-declaration/-/helper-split-export-declaration-8.0.0-alpha.2.tgz",
      "integrity": "sha512-6JwAcpeNAI09lr7bhknc3r4K+0vehVdMTFNiFNEOjEsvkl+AB9Y1aGVLs2gcOnJ9xG6L1WaoimVQ0gzvQhUoPA==",
      "dependencies": {
        "@babel/types": "^8.0.0-alpha.2"
      },
      "engines": {
        "node": "^16.20.0 || ^18.16.0 || >=20.0.0"
      }
    },
    "node_modules/@babel/helper-string-parser": {
      "version": "8.0.0-alpha.2",
      "resolved": "https://registry.npmjs.org/@babel/helper-string-parser/-/helper-string-parser-8.0.0-alpha.2.tgz",
      "integrity": "sha512-zdLAD8CTSuAARYmEwYzeQe42vhPXbzONxDjoR+MKPQ1wLCUJpd9HQC+VJb0wbeDdVZKThZXtyYgO+SPCEXtxtA==",
      "engines": {
        "node": "^16.20.0 || ^18.16.0 || >=20.0.0"
      }
    },
    "node_modules/@babel/helper-validator-identifier": {
      "version": "8.0.0-alpha.2",
      "resolved": "https://registry.npmjs.org/@babel/helper-validator-identifier/-/helper-validator-identifier-8.0.0-alpha.2.tgz",
      "integrity": "sha512-us66RLKkCzBzNJ1TVAHe2euihYrYaXxbuQ7yJogKdBKBZ0R7gHEpB+e0ylaMGsmLzqlpPUyWWcz3OPTCsq1FDw==",
      "engines": {
        "node": "^16.20.0 || ^18.16.0 || >=20.0.0"
      }
    },
    "node_modules/@babel/helper-validator-option": {
      "version": "8.0.0-alpha.2",
      "resolved": "https://registry.npmjs.org/@babel/helper-validator-option/-/helper-validator-option-8.0.0-alpha.2.tgz",
      "integrity": "sha512-Hy4K/dCtwnRNssFDySSR8hQgcCVGdWJ38ECXu2lSbIo+omHKhqynD8tpOfvRxPe0A90FAeq/jAVrOzilUtw/9w==",
      "engines": {
        "node": "^16.20.0 || ^18.16.0 || >=20.0.0"
      }
    },
    "node_modules/@babel/helpers": {
      "version": "8.0.0-alpha.2",
      "resolved": "https://registry.npmjs.org/@babel/helpers/-/helpers-8.0.0-alpha.2.tgz",
      "integrity": "sha512-cMpRN1BBwLAFfr1Zss8VFJ5dAqkDm2QgIGdnkOxaRz1qXZ8aUF6RLeZSHBJGo1C1exmD3d1NYmz3AQgrPDKNqQ==",
      "dependencies": {
        "@babel/template": "^8.0.0-alpha.2",
        "@babel/traverse": "^8.0.0-alpha.2",
        "@babel/types": "^8.0.0-alpha.2"
      },
      "engines": {
        "node": "^16.20.0 || ^18.16.0 || >=20.0.0"
      }
    },
    "node_modules/@babel/highlight": {
      "version": "8.0.0-alpha.2",
      "resolved": "https://registry.npmjs.org/@babel/highlight/-/highlight-8.0.0-alpha.2.tgz",
      "integrity": "sha512-V+G3EzQx895Dqbu4xroJo6kMLK6YQJLrMLGj2zjJShA5HNuBCTGgwBhL1BA8jixOfFA5/110QoCugKC39oWB8w==",
      "dependencies": {
        "@babel/helper-validator-identifier": "^8.0.0-alpha.2",
        "chalk": "^4.1.2",
        "js-tokens": "^8.0.0"
      },
      "engines": {
        "node": "^16.20.0 || ^18.16.0 || >=20.0.0"
      }
    },
    "node_modules/@babel/parser": {
      "version": "8.0.0-alpha.2",
      "resolved": "https://registry.npmjs.org/@babel/parser/-/parser-8.0.0-alpha.2.tgz",
      "integrity": "sha512-XJruaQb5irakFnM0ZZIJ64PXmRu0SXqOBtqppTqVfHINKM97CFNwTJOFCAmV/p6l8S57vqgP6ZQmvD/zVACGMg==",
      "bin": {
        "parser": "bin/babel-parser.js"
      },
      "engines": {
        "node": "^16.20.0 || ^18.16.0 || >=20.0.0"
      }
    },
    "node_modules/@babel/template": {
      "version": "8.0.0-alpha.2",
      "resolved": "https://registry.npmjs.org/@babel/template/-/template-8.0.0-alpha.2.tgz",
      "integrity": "sha512-XSwu2Nu/SNhQY52iFLOTlCZxlgMUWCrcXv7dhj9dnz5I7wTiCgInfzlh3jIq5wE4TbgdfQAKSLfxywGbFNYxxw==",
      "dependencies": {
        "@babel/code-frame": "^8.0.0-alpha.2",
        "@babel/parser": "^8.0.0-alpha.2",
        "@babel/types": "^8.0.0-alpha.2"
      },
      "engines": {
        "node": "^16.20.0 || ^18.16.0 || >=20.0.0"
      }
    },
    "node_modules/@babel/traverse": {
      "version": "8.0.0-alpha.2",
      "resolved": "https://registry.npmjs.org/@babel/traverse/-/traverse-8.0.0-alpha.2.tgz",
      "integrity": "sha512-AtZpwWO8DPgYz922sHSlNxu94nmUU8kVNg/GCJFuL1zg1Ad7jXaUUzMW573Qn6c7JG4Gd2p3dDfuGc3z0/imoQ==",
      "dependencies": {
        "@babel/code-frame": "^8.0.0-alpha.2",
        "@babel/generator": "^8.0.0-alpha.2",
        "@babel/helper-environment-visitor": "^8.0.0-alpha.2",
        "@babel/helper-function-name": "^8.0.0-alpha.2",
        "@babel/helper-hoist-variables": "^8.0.0-alpha.2",
        "@babel/helper-split-export-declaration": "^8.0.0-alpha.2",
        "@babel/parser": "^8.0.0-alpha.2",
        "@babel/types": "^8.0.0-alpha.2",
        "debug": "^4.1.0",
        "globals": "^13.5.0"
      },
      "engines": {
        "node": "^16.20.0 || ^18.16.0 || >=20.0.0"
      }
    },
    "node_modules/@babel/types": {
      "version": "8.0.0-alpha.2",
      "resolved": "https://registry.npmjs.org/@babel/types/-/types-8.0.0-alpha.2.tgz",
      "integrity": "sha512-qc/+6ALxviKBu4nmgZ20ZkNpnzyQAVexvBtojqFOhOaIACGTFLGJyd/o04OtQFBdrhPnhzpz3GSDvFH4RGo1Zw==",
      "dependencies": {
        "@babel/helper-string-parser": "^8.0.0-alpha.2",
        "@babel/helper-validator-identifier": "^8.0.0-alpha.2",
        "to-fast-properties": "^3.0.0"
      },
      "engines": {
        "node": "^16.20.0 || ^18.16.0 || >=20.0.0"
      }
    },
    "node_modules/@jridgewell/gen-mapping": {
      "version": "0.3.3",
      "resolved": "https://registry.npmjs.org/@jridgewell/gen-mapping/-/gen-mapping-0.3.3.tgz",
      "integrity": "sha512-HLhSWOLRi875zjjMG/r+Nv0oCW8umGb0BgEhyX3dDX3egwZtB8PqLnjz3yedt8R5StBrzcg4aBpnh8UA9D1BoQ==",
      "dependencies": {
        "@jridgewell/set-array": "^1.0.1",
        "@jridgewell/sourcemap-codec": "^1.4.10",
        "@jridgewell/trace-mapping": "^0.3.9"
      },
      "engines": {
        "node": ">=6.0.0"
      }
    },
    "node_modules/@jridgewell/resolve-uri": {
      "version": "3.1.1",
      "resolved": "https://registry.npmjs.org/@jridgewell/resolve-uri/-/resolve-uri-3.1.1.tgz",
      "integrity": "sha512-dSYZh7HhCDtCKm4QakX0xFpsRDqjjtZf/kjI/v3T3Nwt5r8/qz/M19F9ySyOqU94SXBmeG9ttTul+YnR4LOxFA==",
      "engines": {
        "node": ">=6.0.0"
      }
    },
    "node_modules/@jridgewell/set-array": {
      "version": "1.1.2",
      "resolved": "https://registry.npmjs.org/@jridgewell/set-array/-/set-array-1.1.2.tgz",
      "integrity": "sha512-xnkseuNADM0gt2bs+BvhO0p78Mk762YnZdsuzFV018NoG1Sj1SCQvpSqa7XUaTam5vAGasABV9qXASMKnFMwMw==",
      "engines": {
        "node": ">=6.0.0"
      }
    },
    "node_modules/@jridgewell/sourcemap-codec": {
      "version": "1.4.15",
      "resolved": "https://registry.npmjs.org/@jridgewell/sourcemap-codec/-/sourcemap-codec-1.4.15.tgz",
      "integrity": "sha512-eF2rxCRulEKXHTRiDrDy6erMYWqNw4LPdQ8UQA4huuxaQsVeRPFl2oM8oDGxMFhJUWZf9McpLtJasDDZb/Bpeg=="
    },
    "node_modules/@jridgewell/trace-mapping": {
      "version": "0.3.19",
      "resolved": "https://registry.npmjs.org/@jridgewell/trace-mapping/-/trace-mapping-0.3.19.tgz",
      "integrity": "sha512-kf37QtfW+Hwx/buWGMPcR60iF9ziHa6r/CZJIHbmcm4+0qrXiVdxegAH0F6yddEVQ7zdkjcGCgCzUu+BcbhQxw==",
      "dependencies": {
        "@jridgewell/resolve-uri": "^3.1.0",
        "@jridgewell/sourcemap-codec": "^1.4.14"
      }
    },
    "node_modules/ansi-styles": {
      "version": "4.3.0",
      "resolved": "https://registry.npmjs.org/ansi-styles/-/ansi-styles-4.3.0.tgz",
      "integrity": "sha512-zbB9rCJAT1rbjiVDb2hqKFHNYLxgtk8NURxZ3IZwD3F6NtxbXZQCnnSi1Lkx+IDohdPlFp222wVALIheZJQSEg==",
      "dependencies": {
        "color-convert": "^2.0.1"
      },
      "engines": {
        "node": ">=8"
      },
      "funding": {
        "url": "https://github.com/chalk/ansi-styles?sponsor=1"
      }
    },
    "node_modules/browserslist": {
      "version": "4.21.10",
      "resolved": "https://registry.npmjs.org/browserslist/-/browserslist-4.21.10.tgz",
      "integrity": "sha512-bipEBdZfVH5/pwrvqc+Ub0kUPVfGUhlKxbvfD+z1BDnPEO/X98ruXGA1WP5ASpAFKan7Qr6j736IacbZQuAlKQ==",
      "funding": [
        {
          "type": "opencollective",
          "url": "https://opencollective.com/browserslist"
        },
        {
          "type": "tidelift",
          "url": "https://tidelift.com/funding/github/npm/browserslist"
        },
        {
          "type": "github",
          "url": "https://github.com/sponsors/ai"
        }
      ],
      "dependencies": {
        "caniuse-lite": "^1.0.30001517",
        "electron-to-chromium": "^1.4.477",
        "node-releases": "^2.0.13",
        "update-browserslist-db": "^1.0.11"
      },
      "bin": {
        "browserslist": "cli.js"
      },
      "engines": {
        "node": "^6 || ^7 || ^8 || ^9 || ^10 || ^11 || ^12 || >=13.7"
      }
    },
    "node_modules/caniuse-lite": {
      "version": "1.0.30001532",
      "resolved": "https://registry.npmjs.org/caniuse-lite/-/caniuse-lite-1.0.30001532.tgz",
      "integrity": "sha512-FbDFnNat3nMnrROzqrsg314zhqN5LGQ1kyyMk2opcrwGbVGpHRhgCWtAgD5YJUqNAiQ+dklreil/c3Qf1dfCTw==",
      "funding": [
        {
          "type": "opencollective",
          "url": "https://opencollective.com/browserslist"
        },
        {
          "type": "tidelift",
          "url": "https://tidelift.com/funding/github/npm/caniuse-lite"
        },
        {
          "type": "github",
          "url": "https://github.com/sponsors/ai"
        }
      ]
    },
    "node_modules/chalk": {
      "version": "4.1.2",
      "resolved": "https://registry.npmjs.org/chalk/-/chalk-4.1.2.tgz",
      "integrity": "sha512-oKnbhFyRIXpUuez8iBMmyEa4nbj4IOQyuhc/wy9kY7/WVPcwIO9VA668Pu8RkO7+0G76SLROeyw9CpQ061i4mA==",
      "dependencies": {
        "ansi-styles": "^4.1.0",
        "supports-color": "^7.1.0"
      },
      "engines": {
        "node": ">=10"
      },
      "funding": {
        "url": "https://github.com/chalk/chalk?sponsor=1"
      }
    },
    "node_modules/color-convert": {
      "version": "2.0.1",
      "resolved": "https://registry.npmjs.org/color-convert/-/color-convert-2.0.1.tgz",
      "integrity": "sha512-RRECPsj7iu/xb5oKYcsFHSppFNnsj/52OVTRKb4zP5onXwVF3zVmmToNcOfGC+CRDpfK/U584fMg38ZHCaElKQ==",
      "dependencies": {
        "color-name": "~1.1.4"
      },
      "engines": {
        "node": ">=7.0.0"
      }
    },
    "node_modules/color-name": {
      "version": "1.1.4",
      "resolved": "https://registry.npmjs.org/color-name/-/color-name-1.1.4.tgz",
      "integrity": "sha512-dOy+3AuW3a2wNbZHIuMZpTcgjGuLU/uBL/ubcZF9OXbDo8ff4O8yVp5Bf0efS8uEoYo5q4Fx7dY9OgQGXgAsQA=="
    },
    "node_modules/convert-source-map": {
      "version": "1.9.0",
      "resolved": "https://registry.npmjs.org/convert-source-map/-/convert-source-map-1.9.0.tgz",
      "integrity": "sha512-ASFBup0Mz1uyiIjANan1jzLQami9z1PoYSZCiiYW2FczPbenXc45FZdBZLzOT+r6+iciuEModtmCti+hjaAk0A=="
    },
    "node_modules/debug": {
      "version": "4.3.4",
      "resolved": "https://registry.npmjs.org/debug/-/debug-4.3.4.tgz",
      "integrity": "sha512-PRWFHuSU3eDtQJPvnNY7Jcket1j0t5OuOsFzPPzsekD52Zl8qUfFIPEiswXqIvHWGVHOgX+7G/vCNNhehwxfkQ==",
      "dependencies": {
        "ms": "2.1.2"
      },
      "engines": {
        "node": ">=6.0"
      },
      "peerDependenciesMeta": {
        "supports-color": {
          "optional": true
        }
      }
    },
    "node_modules/electron-to-chromium": {
      "version": "1.4.513",
      "resolved": "https://registry.npmjs.org/electron-to-chromium/-/electron-to-chromium-1.4.513.tgz",
      "integrity": "sha512-cOB0xcInjm+E5qIssHeXJ29BaUyWpMyFKT5RB3bsLENDheCja0wMkHJyiPl0NBE/VzDI7JDuNEQWhe6RitEUcw=="
    },
    "node_modules/escalade": {
      "version": "3.1.1",
      "resolved": "https://registry.npmjs.org/escalade/-/escalade-3.1.1.tgz",
      "integrity": "sha512-k0er2gUkLf8O0zKJiAhmkTnJlTvINGv7ygDNPbeIsX/TJjGJZHuh9B2UxbsaEkmlEo9MfhrSzmhIlhRlI2GXnw==",
      "engines": {
        "node": ">=6"
      }
    },
    "node_modules/gensync": {
      "version": "1.0.0-beta.2",
      "resolved": "https://registry.npmjs.org/gensync/-/gensync-1.0.0-beta.2.tgz",
      "integrity": "sha512-3hN7NaskYvMDLQY55gnW3NQ+mesEAepTqlg+VEbj7zzqEMBVNhzcGYYeqFo/TlYz6eQiFcp1HcsCZO+nGgS8zg==",
      "engines": {
        "node": ">=6.9.0"
      }
    },
    "node_modules/globals": {
      "version": "13.21.0",
      "resolved": "https://registry.npmjs.org/globals/-/globals-13.21.0.tgz",
      "integrity": "sha512-ybyme3s4yy/t/3s35bewwXKOf7cvzfreG2lH0lZl0JB7I4GxRP2ghxOK/Nb9EkRXdbBXZLfq/p/0W2JUONB/Gg==",
      "dependencies": {
        "type-fest": "^0.20.2"
      },
      "engines": {
        "node": ">=8"
      },
      "funding": {
        "url": "https://github.com/sponsors/sindresorhus"
      }
    },
    "node_modules/has-flag": {
      "version": "4.0.0",
      "resolved": "https://registry.npmjs.org/has-flag/-/has-flag-4.0.0.tgz",
      "integrity": "sha512-EykJT/Q1KjTWctppgIAgfSO0tKVuZUjhgMr17kqTumMl6Afv3EISleU7qZUzoXDFTAHTDC4NOoG/ZxU3EvlMPQ==",
      "engines": {
        "node": ">=8"
      }
    },
    "node_modules/js-tokens": {
      "version": "8.0.2",
      "resolved": "https://registry.npmjs.org/js-tokens/-/js-tokens-8.0.2.tgz",
      "integrity": "sha512-Olnt+V7xYdvGze9YTbGFZIfQXuGV4R3nQwwl8BrtgaPE/wq8UFpUHWuTNc05saowhSr1ZO6tx+V6RjE9D5YQog=="
    },
    "node_modules/jsesc": {
      "version": "3.0.2",
      "resolved": "https://registry.npmjs.org/jsesc/-/jsesc-3.0.2.tgz",
      "integrity": "sha512-xKqzzWXDttJuOcawBt4KnKHHIf5oQ/Cxax+0PWFG+DFDgHNAdi+TXECADI+RYiFUMmx8792xsMbbgXj4CwnP4g==",
      "bin": {
        "jsesc": "bin/jsesc"
      },
      "engines": {
        "node": ">=6"
      }
    },
    "node_modules/json5": {
      "version": "2.2.3",
      "resolved": "https://registry.npmjs.org/json5/-/json5-2.2.3.tgz",
      "integrity": "sha512-XmOWe7eyHYH14cLdVPoyg+GOH3rYX++KpzrylJwSW98t3Nk+U8XOl8FWKOgwtzdb8lXGf6zYwDUzeHMWfxasyg==",
      "bin": {
        "json5": "lib/cli.js"
      },
      "engines": {
        "node": ">=6"
      }
    },
    "node_modules/lru-cache": {
      "version": "7.18.3",
      "resolved": "https://registry.npmjs.org/lru-cache/-/lru-cache-7.18.3.tgz",
      "integrity": "sha512-jumlc0BIUrS3qJGgIkWZsyfAM7NCWiBcCDhnd+3NNM5KbBmLTgHVfWBcg6W+rLUsIpzpERPsvwUP7CckAQSOoA==",
      "engines": {
        "node": ">=12"
      }
    },
    "node_modules/ms": {
      "version": "2.1.2",
      "resolved": "https://registry.npmjs.org/ms/-/ms-2.1.2.tgz",
      "integrity": "sha512-sGkPx+VjMtmA6MX27oA4FBFELFCZZ4S4XqeGOXCv68tT+jb3vk/RyaKWP0PTKyWtmLSM0b+adUTEvbs1PEaH2w=="
    },
    "node_modules/node-releases": {
      "version": "2.0.13",
      "resolved": "https://registry.npmjs.org/node-releases/-/node-releases-2.0.13.tgz",
      "integrity": "sha512-uYr7J37ae/ORWdZeQ1xxMJe3NtdmqMC/JZK+geofDrkLUApKRHPd18/TxtBOJ4A0/+uUIliorNrfYV6s1b02eQ=="
    },
    "node_modules/picocolors": {
      "version": "1.0.0",
      "resolved": "https://registry.npmjs.org/picocolors/-/picocolors-1.0.0.tgz",
      "integrity": "sha512-1fygroTLlHu66zi26VoTDv8yRgm0Fccecssto+MhsZ0D/DGW2sm8E8AjW7NU5VVTRt5GxbeZ5qBuJr+HyLYkjQ=="
    },
    "node_modules/semver": {
      "version": "7.5.4",
      "resolved": "https://registry.npmjs.org/semver/-/semver-7.5.4.tgz",
      "integrity": "sha512-1bCSESV6Pv+i21Hvpxp3Dx+pSD8lIPt8uVjRrxAUt/nbswYc+tK6Y2btiULjd4+fnq15PX+nqQDC7Oft7WkwcA==",
      "dependencies": {
        "lru-cache": "^6.0.0"
      },
      "bin": {
        "semver": "bin/semver.js"
      },
      "engines": {
        "node": ">=10"
      }
    },
    "node_modules/semver/node_modules/lru-cache": {
      "version": "6.0.0",
      "resolved": "https://registry.npmjs.org/lru-cache/-/lru-cache-6.0.0.tgz",
      "integrity": "sha512-Jo6dJ04CmSjuznwJSS3pUeWmd/H0ffTlkXXgwZi+eq1UCmqQwCh+eLsYOYCwY991i2Fah4h1BEMCx4qThGbsiA==",
      "dependencies": {
        "yallist": "^4.0.0"
      },
      "engines": {
        "node": ">=10"
      }
    },
    "node_modules/supports-color": {
      "version": "7.2.0",
      "resolved": "https://registry.npmjs.org/supports-color/-/supports-color-7.2.0.tgz",
      "integrity": "sha512-qpCAvRl9stuOHveKsn7HncJRvv501qIacKzQlO/+Lwxc9+0q2wLyv4Dfvt80/DPn2pqOBsJdDiogXGR9+OvwRw==",
      "dependencies": {
        "has-flag": "^4.0.0"
      },
      "engines": {
        "node": ">=8"
      }
    },
    "node_modules/to-fast-properties": {
      "version": "3.0.1",
      "resolved": "https://registry.npmjs.org/to-fast-properties/-/to-fast-properties-3.0.1.tgz",
      "integrity": "sha512-/wtNi1tW1F3nf0OL6AqVxGw9Tr1ET70InMhJuVxPwFdGqparF0nQ4UWGLf2DsoI2bFDtthlBnALncZpUzOnsUw==",
      "engines": {
        "node": ">=8"
      },
      "funding": {
        "url": "https://github.com/sponsors/sindresorhus"
      }
    },
    "node_modules/type-fest": {
      "version": "0.20.2",
      "resolved": "https://registry.npmjs.org/type-fest/-/type-fest-0.20.2.tgz",
      "integrity": "sha512-Ne+eE4r0/iWnpAxD852z3A+N0Bt5RN//NjJwRd2VFHEmrywxf5vsZlh4R6lixl6B+wz/8d+maTSAkN1FIkI3LQ==",
      "engines": {
        "node": ">=10"
      },
      "funding": {
        "url": "https://github.com/sponsors/sindresorhus"
      }
    },
    "node_modules/update-browserslist-db": {
      "version": "1.0.11",
      "resolved": "https://registry.npmjs.org/update-browserslist-db/-/update-browserslist-db-1.0.11.tgz",
      "integrity": "sha512-dCwEFf0/oT85M1fHBg4F0jtLwJrutGoHSQXCh7u4o2t1drG+c0a9Flnqww6XUKSfQMPpJBRjU8d4RXB09qtvaA==",
      "funding": [
        {
          "type": "opencollective",
          "url": "https://opencollective.com/browserslist"
        },
        {
          "type": "tidelift",
          "url": "https://tidelift.com/funding/github/npm/browserslist"
        },
        {
          "type": "github",
          "url": "https://github.com/sponsors/ai"
        }
      ],
      "dependencies": {
        "escalade": "^3.1.1",
        "picocolors": "^1.0.0"
      },
      "bin": {
        "update-browserslist-db": "cli.js"
      },
      "peerDependencies": {
        "browserslist": ">= 4.21.0"
      }
    },
    "node_modules/yallist": {
      "version": "4.0.0",
      "resolved": "https://registry.npmjs.org/yallist/-/yallist-4.0.0.tgz",
      "integrity": "sha512-3wdGidZyq5PB084XLES5TpOSRA3wjXAlIWMhum2kRcv/41Sn2emQ0dycQW4uZXLejwKvg6EsvbdlVL+FYEct7A=="
    }
  },
  "dependencies": {
    "@ampproject/remapping": {
      "version": "2.2.1",
      "resolved": "https://registry.npmjs.org/@ampproject/remapping/-/remapping-2.2.1.tgz",
      "integrity": "sha512-lFMjJTrFL3j7L9yBxwYfCq2k6qqwHyzuUl/XBnif78PWTJYyL/dfowQHWE3sp6U6ZzqWiiIZnpTMO96zhkjwtg==",
      "requires": {
        "@jridgewell/gen-mapping": "^0.3.0",
        "@jridgewell/trace-mapping": "^0.3.9"
      }
    },
    "@babel/code-frame": {
      "version": "8.0.0-alpha.2",
      "resolved": "https://registry.npmjs.org/@babel/code-frame/-/code-frame-8.0.0-alpha.2.tgz",
      "integrity": "sha512-uM1On1MxYaZDFVq1gPbGJx1Rf0N+lwlPOCBHZPS8RNVfP9CAG05xzViguK45e16n4Wo6V3WfaTkdmbuNusBnJQ==",
      "requires": {
        "@babel/highlight": "^8.0.0-alpha.2",
        "chalk": "^4.1.2"
      }
    },
    "@babel/compat-data": {
      "version": "8.0.0-alpha.2",
      "resolved": "https://registry.npmjs.org/@babel/compat-data/-/compat-data-8.0.0-alpha.2.tgz",
      "integrity": "sha512-qARMxcl9yx9wDTOFCrY9lKJFD9hfxlfPy+/0l+FnPEVv8Gfb9HHQ2Di5ELGmhg+l3wfcOgFjENOTQA9RI/UCWw=="
    },
    "@babel/core": {
      "version": "8.0.0-alpha.2",
      "resolved": "https://registry.npmjs.org/@babel/core/-/core-8.0.0-alpha.2.tgz",
      "integrity": "sha512-utDRlnt/I8QpDb4/5lDe/45yftM7/Cs4OmvV0ipV17DCgzHHxTyRneWW1iABYjWgwRN7f85yOIogo3K3xdVepg==",
      "requires": {
        "@ampproject/remapping": "^2.2.0",
        "@babel/code-frame": "^8.0.0-alpha.2",
        "@babel/generator": "^8.0.0-alpha.2",
        "@babel/helper-compilation-targets": "^8.0.0-alpha.2",
        "@babel/helper-module-transforms": "^8.0.0-alpha.2",
        "@babel/helpers": "^8.0.0-alpha.2",
        "@babel/parser": "^8.0.0-alpha.2",
        "@babel/template": "^8.0.0-alpha.2",
        "@babel/traverse": "^8.0.0-alpha.2",
        "@babel/types": "^8.0.0-alpha.2",
        "convert-source-map": "^1.7.0",
        "debug": "^4.1.0",
        "gensync": "^1.0.0-beta.2",
        "json5": "^2.2.2",
        "semver": "^7.3.4"
      }
    },
    "@babel/generator": {
      "version": "8.0.0-alpha.2",
      "resolved": "https://registry.npmjs.org/@babel/generator/-/generator-8.0.0-alpha.2.tgz",
      "integrity": "sha512-e54eb7+TYFYAC5+hAIBLeiYdRl/bASjqdmz8KQDzNKeKSC6tYloEAlODw/k++xgNTCCJzneNiP/s8PxphZYiTg==",
      "requires": {
        "@babel/types": "^8.0.0-alpha.2",
        "@jridgewell/gen-mapping": "^0.3.2",
        "@jridgewell/trace-mapping": "^0.3.17",
        "jsesc": "^3.0.2"
      }
    },
    "@babel/helper-compilation-targets": {
      "version": "8.0.0-alpha.2",
      "resolved": "https://registry.npmjs.org/@babel/helper-compilation-targets/-/helper-compilation-targets-8.0.0-alpha.2.tgz",
      "integrity": "sha512-sF04m1xc2ICLUEdZBbW/ec4+lh673bp4gVBE442EpLlTSo1if2q8lAvY/0/u3DiyCZGFuSd0aQSIC3g46UqQ2Q==",
      "requires": {
        "@babel/compat-data": "^8.0.0-alpha.2",
        "@babel/helper-validator-option": "^8.0.0-alpha.2",
        "browserslist": "^4.21.9",
        "lru-cache": "^7.14.1",
        "semver": "^7.3.4"
      }
    },
    "@babel/helper-environment-visitor": {
      "version": "8.0.0-alpha.2",
      "resolved": "https://registry.npmjs.org/@babel/helper-environment-visitor/-/helper-environment-visitor-8.0.0-alpha.2.tgz",
      "integrity": "sha512-lpkwsTzBntOXufqZ2A8wxdsZhaKVa9yCont4cGmiAYQ/vqUJN/1o98BE90hEYSUZWIMJqI0kP3Pfv2tZeqPXfQ=="
    },
    "@babel/helper-function-name": {
      "version": "8.0.0-alpha.2",
      "resolved": "https://registry.npmjs.org/@babel/helper-function-name/-/helper-function-name-8.0.0-alpha.2.tgz",
      "integrity": "sha512-HApEmLe0tyPBp6yO5mNUvqhu9DocxMWMkCaU0+Z+B4sdBgYfbZnVJOQG3OnAsfOjcom96612wrpOqkihfw5Iyw==",
      "requires": {
        "@babel/template": "^8.0.0-alpha.2",
        "@babel/types": "^8.0.0-alpha.2"
      }
    },
    "@babel/helper-hoist-variables": {
      "version": "8.0.0-alpha.2",
      "resolved": "https://registry.npmjs.org/@babel/helper-hoist-variables/-/helper-hoist-variables-8.0.0-alpha.2.tgz",
      "integrity": "sha512-G/ppqv/YRjh+oEhLYDbavX7DQNSh5E/p6raHQGAhzUUfwol2e3Z+3gPn9+4p4pM2gRSieSfMcol83mfDFm2yBQ==",
      "requires": {
        "@babel/types": "^8.0.0-alpha.2"
      }
    },
    "@babel/helper-module-imports": {
      "version": "8.0.0-alpha.2",
      "resolved": "https://registry.npmjs.org/@babel/helper-module-imports/-/helper-module-imports-8.0.0-alpha.2.tgz",
      "integrity": "sha512-bgG9fjRQN8csx98b2KF4mSntJ9+phGAgBZExxfWFkYdg8zujhR08Dsb4jUwAqCcPPA8PKLLrchIbUBUGIvkoMw==",
      "requires": {
        "@babel/types": "^8.0.0-alpha.2"
      }
    },
    "@babel/helper-module-transforms": {
      "version": "8.0.0-alpha.2",
      "resolved": "https://registry.npmjs.org/@babel/helper-module-transforms/-/helper-module-transforms-8.0.0-alpha.2.tgz",
      "integrity": "sha512-SBNejgjTuNR/GiheGg7IB2uwGCJkkRXAEGh/6FD4VpjSIiD9rMiurQ0SKgSTYTzdNhD585m2KUMBwjbgS1k0/w==",
      "requires": {
        "@babel/helper-environment-visitor": "^8.0.0-alpha.2",
        "@babel/helper-module-imports": "^8.0.0-alpha.2",
        "@babel/helper-simple-access": "^8.0.0-alpha.2",
        "@babel/helper-split-export-declaration": "^8.0.0-alpha.2",
        "@babel/helper-validator-identifier": "^8.0.0-alpha.2"
      }
    },
    "@babel/helper-simple-access": {
      "version": "8.0.0-alpha.2",
      "resolved": "https://registry.npmjs.org/@babel/helper-simple-access/-/helper-simple-access-8.0.0-alpha.2.tgz",
      "integrity": "sha512-WfoT9/OUecDs77Jkt19Z+NzlB2rtk4HNJZyDrtgelgyi8Z9t01AkGHnm3nTV4/GD2ND3Cl/iD7/fQmnTsWRmiQ==",
      "requires": {
        "@babel/types": "^8.0.0-alpha.2"
      }
    },
    "@babel/helper-split-export-declaration": {
      "version": "8.0.0-alpha.2",
      "resolved": "https://registry.npmjs.org/@babel/helper-split-export-declaration/-/helper-split-export-declaration-8.0.0-alpha.2.tgz",
      "integrity": "sha512-6JwAcpeNAI09lr7bhknc3r4K+0vehVdMTFNiFNEOjEsvkl+AB9Y1aGVLs2gcOnJ9xG6L1WaoimVQ0gzvQhUoPA==",
      "requires": {
        "@babel/types": "^8.0.0-alpha.2"
      }
    },
    "@babel/helper-string-parser": {
      "version": "8.0.0-alpha.2",
      "resolved": "https://registry.npmjs.org/@babel/helper-string-parser/-/helper-string-parser-8.0.0-alpha.2.tgz",
      "integrity": "sha512-zdLAD8CTSuAARYmEwYzeQe42vhPXbzONxDjoR+MKPQ1wLCUJpd9HQC+VJb0wbeDdVZKThZXtyYgO+SPCEXtxtA=="
    },
    "@babel/helper-validator-identifier": {
      "version": "8.0.0-alpha.2",
      "resolved": "https://registry.npmjs.org/@babel/helper-validator-identifier/-/helper-validator-identifier-8.0.0-alpha.2.tgz",
      "integrity": "sha512-us66RLKkCzBzNJ1TVAHe2euihYrYaXxbuQ7yJogKdBKBZ0R7gHEpB+e0ylaMGsmLzqlpPUyWWcz3OPTCsq1FDw=="
    },
    "@babel/helper-validator-option": {
      "version": "8.0.0-alpha.2",
      "resolved": "https://registry.npmjs.org/@babel/helper-validator-option/-/helper-validator-option-8.0.0-alpha.2.tgz",
      "integrity": "sha512-Hy4K/dCtwnRNssFDySSR8hQgcCVGdWJ38ECXu2lSbIo+omHKhqynD8tpOfvRxPe0A90FAeq/jAVrOzilUtw/9w=="
    },
    "@babel/helpers": {
      "version": "8.0.0-alpha.2",
      "resolved": "https://registry.npmjs.org/@babel/helpers/-/helpers-8.0.0-alpha.2.tgz",
      "integrity": "sha512-cMpRN1BBwLAFfr1Zss8VFJ5dAqkDm2QgIGdnkOxaRz1qXZ8aUF6RLeZSHBJGo1C1exmD3d1NYmz3AQgrPDKNqQ==",
      "requires": {
        "@babel/template": "^8.0.0-alpha.2",
        "@babel/traverse": "^8.0.0-alpha.2",
        "@babel/types": "^8.0.0-alpha.2"
      }
    },
    "@babel/highlight": {
      "version": "8.0.0-alpha.2",
      "resolved": "https://registry.npmjs.org/@babel/highlight/-/highlight-8.0.0-alpha.2.tgz",
      "integrity": "sha512-V+G3EzQx895Dqbu4xroJo6kMLK6YQJLrMLGj2zjJShA5HNuBCTGgwBhL1BA8jixOfFA5/110QoCugKC39oWB8w==",
      "requires": {
        "@babel/helper-validator-identifier": "^8.0.0-alpha.2",
        "chalk": "^4.1.2",
        "js-tokens": "^8.0.0"
      }
    },
    "@babel/parser": {
      "version": "8.0.0-alpha.2",
      "resolved": "https://registry.npmjs.org/@babel/parser/-/parser-8.0.0-alpha.2.tgz",
      "integrity": "sha512-XJruaQb5irakFnM0ZZIJ64PXmRu0SXqOBtqppTqVfHINKM97CFNwTJOFCAmV/p6l8S57vqgP6ZQmvD/zVACGMg=="
    },
    "@babel/template": {
      "version": "8.0.0-alpha.2",
      "resolved": "https://registry.npmjs.org/@babel/template/-/template-8.0.0-alpha.2.tgz",
      "integrity": "sha512-XSwu2Nu/SNhQY52iFLOTlCZxlgMUWCrcXv7dhj9dnz5I7wTiCgInfzlh3jIq5wE4TbgdfQAKSLfxywGbFNYxxw==",
      "requires": {
        "@babel/code-frame": "^8.0.0-alpha.2",
        "@babel/parser": "^8.0.0-alpha.2",
        "@babel/types": "^8.0.0-alpha.2"
      }
    },
    "@babel/traverse": {
      "version": "8.0.0-alpha.2",
      "resolved": "https://registry.npmjs.org/@babel/traverse/-/traverse-8.0.0-alpha.2.tgz",
      "integrity": "sha512-AtZpwWO8DPgYz922sHSlNxu94nmUU8kVNg/GCJFuL1zg1Ad7jXaUUzMW573Qn6c7JG4Gd2p3dDfuGc3z0/imoQ==",
      "requires": {
        "@babel/code-frame": "^8.0.0-alpha.2",
        "@babel/generator": "^8.0.0-alpha.2",
        "@babel/helper-environment-visitor": "^8.0.0-alpha.2",
        "@babel/helper-function-name": "^8.0.0-alpha.2",
        "@babel/helper-hoist-variables": "^8.0.0-alpha.2",
        "@babel/helper-split-export-declaration": "^8.0.0-alpha.2",
        "@babel/parser": "^8.0.0-alpha.2",
        "@babel/types": "^8.0.0-alpha.2",
        "debug": "^4.1.0",
        "globals": "^13.5.0"
      }
    },
    "@babel/types": {
      "version": "8.0.0-alpha.2",
      "resolved": "https://registry.npmjs.org/@babel/types/-/types-8.0.0-alpha.2.tgz",
      "integrity": "sha512-qc/+6ALxviKBu4nmgZ20ZkNpnzyQAVexvBtojqFOhOaIACGTFLGJyd/o04OtQFBdrhPnhzpz3GSDvFH4RGo1Zw==",
      "requires": {
        "@babel/helper-string-parser": "^8.0.0-alpha.2",
        "@babel/helper-validator-identifier": "^8.0.0-alpha.2",
        "to-fast-properties": "^3.0.0"
      }
    },
    "@jridgewell/gen-mapping": {
      "version": "0.3.3",
      "resolved": "https://registry.npmjs.org/@jridgewell/gen-mapping/-/gen-mapping-0.3.3.tgz",
      "integrity": "sha512-HLhSWOLRi875zjjMG/r+Nv0oCW8umGb0BgEhyX3dDX3egwZtB8PqLnjz3yedt8R5StBrzcg4aBpnh8UA9D1BoQ==",
      "requires": {
        "@jridgewell/set-array": "^1.0.1",
        "@jridgewell/sourcemap-codec": "^1.4.10",
        "@jridgewell/trace-mapping": "^0.3.9"
      }
    },
    "@jridgewell/resolve-uri": {
      "version": "3.1.1",
      "resolved": "https://registry.npmjs.org/@jridgewell/resolve-uri/-/resolve-uri-3.1.1.tgz",
      "integrity": "sha512-dSYZh7HhCDtCKm4QakX0xFpsRDqjjtZf/kjI/v3T3Nwt5r8/qz/M19F9ySyOqU94SXBmeG9ttTul+YnR4LOxFA=="
    },
    "@jridgewell/set-array": {
      "version": "1.1.2",
      "resolved": "https://registry.npmjs.org/@jridgewell/set-array/-/set-array-1.1.2.tgz",
      "integrity": "sha512-xnkseuNADM0gt2bs+BvhO0p78Mk762YnZdsuzFV018NoG1Sj1SCQvpSqa7XUaTam5vAGasABV9qXASMKnFMwMw=="
    },
    "@jridgewell/sourcemap-codec": {
      "version": "1.4.15",
      "resolved": "https://registry.npmjs.org/@jridgewell/sourcemap-codec/-/sourcemap-codec-1.4.15.tgz",
      "integrity": "sha512-eF2rxCRulEKXHTRiDrDy6erMYWqNw4LPdQ8UQA4huuxaQsVeRPFl2oM8oDGxMFhJUWZf9McpLtJasDDZb/Bpeg=="
    },
    "@jridgewell/trace-mapping": {
      "version": "0.3.19",
      "resolved": "https://registry.npmjs.org/@jridgewell/trace-mapping/-/trace-mapping-0.3.19.tgz",
      "integrity": "sha512-kf37QtfW+Hwx/buWGMPcR60iF9ziHa6r/CZJIHbmcm4+0qrXiVdxegAH0F6yddEVQ7zdkjcGCgCzUu+BcbhQxw==",
      "requires": {
        "@jridgewell/resolve-uri": "^3.1.0",
        "@jridgewell/sourcemap-codec": "^1.4.14"
      }
    },
    "ansi-styles": {
      "version": "4.3.0",
      "resolved": "https://registry.npmjs.org/ansi-styles/-/ansi-styles-4.3.0.tgz",
      "integrity": "sha512-zbB9rCJAT1rbjiVDb2hqKFHNYLxgtk8NURxZ3IZwD3F6NtxbXZQCnnSi1Lkx+IDohdPlFp222wVALIheZJQSEg==",
      "requires": {
        "color-convert": "^2.0.1"
      }
    },
    "browserslist": {
      "version": "4.21.10",
      "resolved": "https://registry.npmjs.org/browserslist/-/browserslist-4.21.10.tgz",
      "integrity": "sha512-bipEBdZfVH5/pwrvqc+Ub0kUPVfGUhlKxbvfD+z1BDnPEO/X98ruXGA1WP5ASpAFKan7Qr6j736IacbZQuAlKQ==",
      "requires": {
        "caniuse-lite": "^1.0.30001517",
        "electron-to-chromium": "^1.4.477",
        "node-releases": "^2.0.13",
        "update-browserslist-db": "^1.0.11"
      }
    },
    "caniuse-lite": {
      "version": "1.0.30001532",
      "resolved": "https://registry.npmjs.org/caniuse-lite/-/caniuse-lite-1.0.30001532.tgz",
      "integrity": "sha512-FbDFnNat3nMnrROzqrsg314zhqN5LGQ1kyyMk2opcrwGbVGpHRhgCWtAgD5YJUqNAiQ+dklreil/c3Qf1dfCTw=="
    },
    "chalk": {
      "version": "4.1.2",
      "resolved": "https://registry.npmjs.org/chalk/-/chalk-4.1.2.tgz",
      "integrity": "sha512-oKnbhFyRIXpUuez8iBMmyEa4nbj4IOQyuhc/wy9kY7/WVPcwIO9VA668Pu8RkO7+0G76SLROeyw9CpQ061i4mA==",
      "requires": {
        "ansi-styles": "^4.1.0",
        "supports-color": "^7.1.0"
      }
    },
    "color-convert": {
      "version": "2.0.1",
      "resolved": "https://registry.npmjs.org/color-convert/-/color-convert-2.0.1.tgz",
      "integrity": "sha512-RRECPsj7iu/xb5oKYcsFHSppFNnsj/52OVTRKb4zP5onXwVF3zVmmToNcOfGC+CRDpfK/U584fMg38ZHCaElKQ==",
      "requires": {
        "color-name": "~1.1.4"
      }
    },
    "color-name": {
      "version": "1.1.4",
      "resolved": "https://registry.npmjs.org/color-name/-/color-name-1.1.4.tgz",
      "integrity": "sha512-dOy+3AuW3a2wNbZHIuMZpTcgjGuLU/uBL/ubcZF9OXbDo8ff4O8yVp5Bf0efS8uEoYo5q4Fx7dY9OgQGXgAsQA=="
    },
    "convert-source-map": {
      "version": "1.9.0",
      "resolved": "https://registry.npmjs.org/convert-source-map/-/convert-source-map-1.9.0.tgz",
      "integrity": "sha512-ASFBup0Mz1uyiIjANan1jzLQami9z1PoYSZCiiYW2FczPbenXc45FZdBZLzOT+r6+iciuEModtmCti+hjaAk0A=="
    },
    "debug": {
      "version": "4.3.4",
      "resolved": "https://registry.npmjs.org/debug/-/debug-4.3.4.tgz",
      "integrity": "sha512-PRWFHuSU3eDtQJPvnNY7Jcket1j0t5OuOsFzPPzsekD52Zl8qUfFIPEiswXqIvHWGVHOgX+7G/vCNNhehwxfkQ==",
      "requires": {
        "ms": "2.1.2"
      }
    },
    "electron-to-chromium": {
      "version": "1.4.513",
      "resolved": "https://registry.npmjs.org/electron-to-chromium/-/electron-to-chromium-1.4.513.tgz",
      "integrity": "sha512-cOB0xcInjm+E5qIssHeXJ29BaUyWpMyFKT5RB3bsLENDheCja0wMkHJyiPl0NBE/VzDI7JDuNEQWhe6RitEUcw=="
    },
    "escalade": {
      "version": "3.1.1",
      "resolved": "https://registry.npmjs.org/escalade/-/escalade-3.1.1.tgz",
      "integrity": "sha512-k0er2gUkLf8O0zKJiAhmkTnJlTvINGv7ygDNPbeIsX/TJjGJZHuh9B2UxbsaEkmlEo9MfhrSzmhIlhRlI2GXnw=="
    },
    "gensync": {
      "version": "1.0.0-beta.2",
      "resolved": "https://registry.npmjs.org/gensync/-/gensync-1.0.0-beta.2.tgz",
      "integrity": "sha512-3hN7NaskYvMDLQY55gnW3NQ+mesEAepTqlg+VEbj7zzqEMBVNhzcGYYeqFo/TlYz6eQiFcp1HcsCZO+nGgS8zg=="
    },
    "globals": {
      "version": "13.21.0",
      "resolved": "https://registry.npmjs.org/globals/-/globals-13.21.0.tgz",
      "integrity": "sha512-ybyme3s4yy/t/3s35bewwXKOf7cvzfreG2lH0lZl0JB7I4GxRP2ghxOK/Nb9EkRXdbBXZLfq/p/0W2JUONB/Gg==",
      "requires": {
        "type-fest": "^0.20.2"
      }
    },
    "has-flag": {
      "version": "4.0.0",
      "resolved": "https://registry.npmjs.org/has-flag/-/has-flag-4.0.0.tgz",
      "integrity": "sha512-EykJT/Q1KjTWctppgIAgfSO0tKVuZUjhgMr17kqTumMl6Afv3EISleU7qZUzoXDFTAHTDC4NOoG/ZxU3EvlMPQ=="
    },
    "js-tokens": {
      "version": "8.0.2",
      "resolved": "https://registry.npmjs.org/js-tokens/-/js-tokens-8.0.2.tgz",
      "integrity": "sha512-Olnt+V7xYdvGze9YTbGFZIfQXuGV4R3nQwwl8BrtgaPE/wq8UFpUHWuTNc05saowhSr1ZO6tx+V6RjE9D5YQog=="
    },
    "jsesc": {
      "version": "3.0.2",
      "resolved": "https://registry.npmjs.org/jsesc/-/jsesc-3.0.2.tgz",
      "integrity": "sha512-xKqzzWXDttJuOcawBt4KnKHHIf5oQ/Cxax+0PWFG+DFDgHNAdi+TXECADI+RYiFUMmx8792xsMbbgXj4CwnP4g=="
    },
    "json5": {
      "version": "2.2.3",
      "resolved": "https://registry.npmjs.org/json5/-/json5-2.2.3.tgz",
      "integrity": "sha512-XmOWe7eyHYH14cLdVPoyg+GOH3rYX++KpzrylJwSW98t3Nk+U8XOl8FWKOgwtzdb8lXGf6zYwDUzeHMWfxasyg=="
    },
    "lru-cache": {
      "version": "7.18.3",
      "resolved": "https://registry.npmjs.org/lru-cache/-/lru-cache-7.18.3.tgz",
      "integrity": "sha512-jumlc0BIUrS3qJGgIkWZsyfAM7NCWiBcCDhnd+3NNM5KbBmLTgHVfWBcg6W+rLUsIpzpERPsvwUP7CckAQSOoA=="
    },
    "ms": {
      "version": "2.1.2",
      "resolved": "https://registry.npmjs.org/ms/-/ms-2.1.2.tgz",
      "integrity": "sha512-sGkPx+VjMtmA6MX27oA4FBFELFCZZ4S4XqeGOXCv68tT+jb3vk/RyaKWP0PTKyWtmLSM0b+adUTEvbs1PEaH2w=="
    },
    "node-releases": {
      "version": "2.0.13",
      "resolved": "https://registry.npmjs.org/node-releases/-/node-releases-2.0.13.tgz",
      "integrity": "sha512-uYr7J37ae/ORWdZeQ1xxMJe3NtdmqMC/JZK+geofDrkLUApKRHPd18/TxtBOJ4A0/+uUIliorNrfYV6s1b02eQ=="
    },
    "picocolors": {
      "version": "1.0.0",
      "resolved": "https://registry.npmjs.org/picocolors/-/picocolors-1.0.0.tgz",
      "integrity": "sha512-1fygroTLlHu66zi26VoTDv8yRgm0Fccecssto+MhsZ0D/DGW2sm8E8AjW7NU5VVTRt5GxbeZ5qBuJr+HyLYkjQ=="
    },
    "semver": {
      "version": "7.5.4",
      "resolved": "https://registry.npmjs.org/semver/-/semver-7.5.4.tgz",
      "integrity": "sha512-1bCSESV6Pv+i21Hvpxp3Dx+pSD8lIPt8uVjRrxAUt/nbswYc+tK6Y2btiULjd4+fnq15PX+nqQDC7Oft7WkwcA==",
      "requires": {
        "lru-cache": "^6.0.0"
      },
      "dependencies": {
        "lru-cache": {
          "version": "6.0.0",
          "resolved": "https://registry.npmjs.org/lru-cache/-/lru-cache-6.0.0.tgz",
          "integrity": "sha512-Jo6dJ04CmSjuznwJSS3pUeWmd/H0ffTlkXXgwZi+eq1UCmqQwCh+eLsYOYCwY991i2Fah4h1BEMCx4qThGbsiA==",
          "requires": {
            "yallist": "^4.0.0"
          }
        }
      }
    },
    "supports-color": {
      "version": "7.2.0",
      "resolved": "https://registry.npmjs.org/supports-color/-/supports-color-7.2.0.tgz",
      "integrity": "sha512-qpCAvRl9stuOHveKsn7HncJRvv501qIacKzQlO/+Lwxc9+0q2wLyv4Dfvt80/DPn2pqOBsJdDiogXGR9+OvwRw==",
      "requires": {
        "has-flag": "^4.0.0"
      }
    },
    "to-fast-properties": {
      "version": "3.0.1",
      "resolved": "https://registry.npmjs.org/to-fast-properties/-/to-fast-properties-3.0.1.tgz",
      "integrity": "sha512-/wtNi1tW1F3nf0OL6AqVxGw9Tr1ET70InMhJuVxPwFdGqparF0nQ4UWGLf2DsoI2bFDtthlBnALncZpUzOnsUw=="
    },
    "type-fest": {
      "version": "0.20.2",
      "resolved": "https://registry.npmjs.org/type-fest/-/type-fest-0.20.2.tgz",
      "integrity": "sha512-Ne+eE4r0/iWnpAxD852z3A+N0Bt5RN//NjJwRd2VFHEmrywxf5vsZlh4R6lixl6B+wz/8d+maTSAkN1FIkI3LQ=="
    },
    "update-browserslist-db": {
      "version": "1.0.11",
      "resolved": "https://registry.npmjs.org/update-browserslist-db/-/update-browserslist-db-1.0.11.tgz",
      "integrity": "sha512-dCwEFf0/oT85M1fHBg4F0jtLwJrutGoHSQXCh7u4o2t1drG+c0a9Flnqww6XUKSfQMPpJBRjU8d4RXB09qtvaA==",
      "requires": {
        "escalade": "^3.1.1",
        "picocolors": "^1.0.0"
      }
    },
    "yallist": {
      "version": "4.0.0",
      "resolved": "https://registry.npmjs.org/yallist/-/yallist-4.0.0.tgz",
      "integrity": "sha512-3wdGidZyq5PB084XLES5TpOSRA3wjXAlIWMhum2kRcv/41Sn2emQ0dycQW4uZXLejwKvg6EsvbdlVL+FYEct7A=="
    }
  }
}
